
Microsoft Visual Studio Solution File, Format Version 12.00
# Visual Studio Version 16
VisualStudioVersion = 16.0.31105.61
MinimumVisualStudioVersion = 10.0.40219.1
Project("{FAE04EC0-301F-11D3-BF4B-00C04F79EFBC}") = "ITXamarin.Android", "ITXamarin\ITXamarin.Android\ITXamarin.Android.csproj", "{D464A416-8B03-4B43-A3A7-364AE714D8CF}"
EndProject
Project("{FAE04EC0-301F-11D3-BF4B-00C04F79EFBC}") = "ITXamarin", "ITXamarin\ITXamarin\ITXamarin.csproj", "{85A513EC-4E2F-4B06-83A1-48436C6D9EE6}"
EndProject
Global
	GlobalSection(SolutionConfigurationPlatforms) = preSolution
		Debug|Any CPU = Debug|Any CPU
		Release|Any CPU = Release|Any CPU
	EndGlobalSection
	GlobalSection(ProjectConfigurationPlatforms) = postSolution
		{D464A416-8B03-4B43-A3A7-364AE714D8CF}.Debug|Any CPU.ActiveCfg = Debug|Any CPU
		{D464A416-8B03-4B43-A3A7-364AE714D8CF}.Debug|Any CPU.Build.0 = Debug|Any CPU
		{D464A416-8B03-4B43-A3A7-364AE714D8CF}.Debug|Any CPU.Deploy.0 = Debug|Any CPU
		{D464A416-8B03-4B43-A3A7-364AE714D8CF}.Release|Any CPU.ActiveCfg = Release|Any CPU
		{D464A416-8B03-4B43-A3A7-364AE714D8CF}.Release|Any CPU.Build.0 = Release|Any CPU
		{D464A416-8B03-4B43-A3A7-364AE714D8CF}.Release|Any CPU.Deploy.0 = Release|Any CPU
		{85A513EC-4E2F-4B06-83A1-48436C6D9EE6}.Debug|Any CPU.ActiveCfg = Debug|Any CPU
		{85A513EC-4E2F-4B06-83A1-48436C6D9EE6}.Debug|Any CPU.Build.0 = Debug|Any CPU
		{85A513EC-4E2F-4B06-83A1-48436C6D9EE6}.Debug|Any CPU.Deploy.0 = Debug|Any CPU
		{85A513EC-4E2F-4B06-83A1-48436C6D9EE6}.Release|Any CPU.ActiveCfg = Release|Any CPU
		{85A513EC-4E2F-4B06-83A1-48436C6D9EE6}.Release|Any CPU.Build.0 = Release|Any CPU
		{85A513EC-4E2F-4B06-83A1-48436C6D9EE6}.Release|Any CPU.Deploy.0 = Release|Any CPU
	EndGlobalSection
	GlobalSection(SolutionProperties) = preSolution
		HideSolutionNode = FALSE
	EndGlobalSection
	GlobalSection(ExtensibilityGlobals) = postSolution
		SolutionGuid = {E46523A6-2468-40F1-B1DC-FCCC9A843FB4}
	EndGlobalSection
EndGlobal
